
Microsoft Visual Studio Solution File, Format Version 12.00
# Visual Studio Version 17
VisualStudioVersion = 17.0.32126.317
MinimumVisualStudioVersion = 10.0.40219.1
Project("{FAE04EC0-301F-11D3-BF4B-00C04F79EFBC}") = "P132Pustok", "P132Pustok\P132Pustok.csproj", "{1CB7447E-A03A-47EB-8F82-528E658AC581}"
EndProject
Global
	GlobalSection(SolutionConfigurationPlatforms) = preSolution
		Debug|Any CPU = Debug|Any CPU
		Release|Any CPU = Release|Any CPU
	EndGlobalSection
	GlobalSection(ProjectConfigurationPlatforms) = postSolution
		{1CB7447E-A03A-47EB-8F82-528E658AC581}.Debug|Any CPU.ActiveCfg = Debug|Any CPU
		{1CB7447E-A03A-47EB-8F82-528E658AC581}.Debug|Any CPU.Build.0 = Debug|Any CPU
		{1CB7447E-A03A-47EB-8F82-528E658AC581}.Release|Any CPU.ActiveCfg = Release|Any CPU
		{1CB7447E-A03A-47EB-8F82-528E658AC581}.Release|Any CPU.Build.0 = Release|Any CPU
	EndGlobalSection
	GlobalSection(SolutionProperties) = preSolution
		HideSolutionNode = FALSE
	EndGlobalSection
	GlobalSection(ExtensibilityGlobals) = postSolution
		SolutionGuid = {5C0F7560-9B04-430B-843D-86B557E08F46}
	EndGlobalSection
EndGlobal
